// !$*UTF8*$!
{
	archiveVersion = 1;
	classes = {
	};
	objectVersion = 46;
	objects = {

/* Begin PBXBuildFile section */
		363769E21CCF4EE800888D7A /* AppDelegate.swift in Sources */ = {isa = PBXBuildFile; fileRef = 363769E11CCF4EE800888D7A /* AppDelegate.swift */; };
		363769E41CCF4EE800888D7A /* QuickContactsViewController.swift in Sources */ = {isa = PBXBuildFile; fileRef = 363769E31CCF4EE800888D7A /* QuickContactsViewController.swift */; };
		363769E71CCF4EE800888D7A /* Main.storyboard in Resources */ = {isa = PBXBuildFile; fileRef = 363769E51CCF4EE800888D7A /* Main.storyboard */; };
		363769E91CCF4EE800888D7A /* Assets.xcassets in Resources */ = {isa = PBXBuildFile; fileRef = 363769E81CCF4EE800888D7A /* Assets.xcassets */; };
		363769EC1CCF4EE800888D7A /* LaunchScreen.storyboard in Resources */ = {isa = PBXBuildFile; fileRef = 363769EA1CCF4EE800888D7A /* LaunchScreen.storyboard */; };
		363769F61CCF4F5F00888D7A /* AddressBook.framework in Frameworks */ = {isa = PBXBuildFile; fileRef = 363769F41CCF4F5F00888D7A /* AddressBook.framework */; };
		363769F71CCF4F5F00888D7A /* AddressBookUI.framework in Frameworks */ = {isa = PBXBuildFile; fileRef = 363769F51CCF4F5F00888D7A /* AddressBookUI.framework */; };
		363769FA1CCF565300888D7A /* Menu.plist in Resources */ = {isa = PBXBuildFile; fileRef = 363769F91CCF565300888D7A /* Menu.plist */; };
/* End PBXBuildFile section */

/* Begin PBXFileReference section */
		363769DE1CCF4EE800888D7A /* QuickContactsSwift.app */ = {isa = PBXFileReference; explicitFileType = wrapper.application; includeInIndex = 0; path = QuickContactsSwift.app; sourceTree = BUILT_PRODUCTS_DIR; };
		363769E11CCF4EE800888D7A /* AppDelegate.swift */ = {isa = PBXFileReference; lastKnownFileType = sourcecode.swift; path = AppDelegate.swift; sourceTree = "<group>"; };
		363769E31CCF4EE800888D7A /* QuickContactsViewController.swift */ = {isa = PBXFileReference; lastKnownFileType = sourcecode.swift; path = QuickContactsViewController.swift; sourceTree = "<group>"; };
		363769E61CCF4EE800888D7A /* Base */ = {isa = PBXFileReference; lastKnownFileType = file.storyboard; name = Base; path = Base.lproj/Main.storyboard; sourceTree = "<group>"; };
		363769E81CCF4EE800888D7A /* Assets.xcassets */ = {isa = PBXFileReference; lastKnownFileType = folder.assetcatalog; path = Assets.xcassets; sourceTree = "<group>"; };
		363769EB1CCF4EE800888D7A /* Base */ = {isa = PBXFileReference; lastKnownFileType = file.storyboard; name = Base; path = Base.lproj/LaunchScreen.storyboard; sourceTree = "<group>"; };
		363769ED1CCF4EE800888D7A /* Info.plist */ = {isa = PBXFileReference; lastKnownFileType = text.plist.xml; path = Info.plist; sourceTree = "<group>"; };
		363769F41CCF4F5F00888D7A /* AddressBook.framework */ = {isa = PBXFileReference; lastKnownFileType = wrapper.framework; name = AddressBook.framework; path = System/Library/Frameworks/AddressBook.framework; sourceTree = SDKROOT; };
		363769F51CCF4F5F00888D7A /* AddressBookUI.framework */ = {isa = PBXFileReference; lastKnownFileType = wrapper.framework; name = AddressBookUI.framework; path = System/Library/Frameworks/AddressBookUI.framework; sourceTree = SDKROOT; };
		363769F91CCF565300888D7A /* Menu.plist */ = {isa = PBXFileReference; fileEncoding = 4; lastKnownFileType = text.plist.xml; path = Menu.plist; sourceTree = "<group>"; };
/* End PBXFileReference section */

/* Begin PBXFrameworksBuildPhase section */
		363769DB1CCF4EE800888D7A /* Frameworks */ = {
			isa = PBXFrameworksBuildPhase;
			buildActionMask = 2147483647;
			files = (
				363769F61CCF4F5F00888D7A /* AddressBook.framework in Frameworks */,
				363769F71CCF4F5F00888D7A /* AddressBookUI.framework in Frameworks */,
			);
			runOnlyForDeploymentPostprocessing = 0;
		};
/* End PBXFrameworksBuildPhase section */

/* Begin PBXGroup section */
		363769D51CCF4EE800888D7A = {
			isa = PBXGroup;
			children = (
				363769E01CCF4EE800888D7A /* QuickContactsSwift */,
				363769DF1CCF4EE800888D7A /* Products */,
			);
			sourceTree = "<group>";
		};
		363769DF1CCF4EE800888D7A /* Products */ = {
			isa = PBXGroup;
			children = (
				363769DE1CCF4EE800888D7A /* QuickContactsSwift.app */,
			);
			name = Products;
			sourceTree = "<group>";
		};
		363769E01CCF4EE800888D7A /* QuickContactsSwift */ = {
			isa = PBXGroup;
			children = (
				363769E11CCF4EE800888D7A /* AppDelegate.swift */,
				363769E31CCF4EE800888D7A /* QuickContactsViewController.swift */,
				363769F31CCF4EF700888D7A /* Resourses */,
				363769F81CCF4F6300888D7A /* Frameworks */,
			);
			path = QuickContactsSwift;
			sourceTree = "<group>";
		};
		363769F31CCF4EF700888D7A /* Resourses */ = {
			isa = PBXGroup;
			children = (
				363769F91CCF565300888D7A /* Menu.plist */,
				363769E51CCF4EE800888D7A /* Main.storyboard */,
				363769E81CCF4EE800888D7A /* Assets.xcassets */,
				363769EA1CCF4EE800888D7A /* LaunchScreen.storyboard */,
				363769ED1CCF4EE800888D7A /* Info.plist */,
			);
			name = Resourses;
			sourceTree = "<group>";
		};
		363769F81CCF4F6300888D7A /* Frameworks */ = {
			isa = PBXGroup;
			children = (
				363769F41CCF4F5F00888D7A /* AddressBook.framework */,
				363769F51CCF4F5F00888D7A /* AddressBookUI.framework */,
			);
			name = Frameworks;
			path = ..;
			sourceTree = "<group>";
		};
/* End PBXGroup section */

/* Begin PBXNativeTarget section */
		363769DD1CCF4EE800888D7A /* QuickContactsSwift */ = {
			isa = PBXNativeTarget;
			buildConfigurationList = 363769F01CCF4EE800888D7A /* Build configuration list for PBXNativeTarget "QuickContactsSwift" */;
			buildPhases = (
				363769DA1CCF4EE800888D7A /* Sources */,
				363769DB1CCF4EE800888D7A /* Frameworks */,
				363769DC1CCF4EE800888D7A /* Resources */,
			);
			buildRules = (
			);
			dependencies = (
			);
			name = QuickContactsSwift;
			productName = QuickContactsSwift;
			productReference = 363769DE1CCF4EE800888D7A /* QuickContactsSwift.app */;
			productType = "com.apple.product-type.application";
		};
/* End PBXNativeTarget section */

/* Begin PBXProject section */
		363769D61CCF4EE800888D7A /* Project object */ = {
			isa = PBXProject;
			attributes = {
				LastSwiftUpdateCheck = 0730;
				LastUpgradeCheck = 0730;
				ORGANIZATIONNAME = "彭芊";
				TargetAttributes = {
					363769DD1CCF4EE800888D7A = {
						CreatedOnToolsVersion = 7.3;
					};
				};
			};
			buildConfigurationList = 363769D91CCF4EE800888D7A /* Build configuration list for PBXProject "QuickContactsSwift" */;
			compatibilityVersion = "Xcode 3.2";
			developmentRegion = English;
			hasScannedForEncodings = 0;
			knownRegions = (
				en,
				Base,
			);
			mainGroup = 363769D51CCF4EE800888D7A;
			productRefGroup = 363769DF1CCF4EE800888D7A /* Products */;
			projectDirPath = "";
			projectRoot = "";
			targets = (
				363769DD1CCF4EE800888D7A /* QuickContactsSwift */,
			);
		};
/* End PBXProject section */

/* Begin PBXResourcesBuildPhase section */
		363769DC1CCF4EE800888D7A /* Resources */ = {
			isa = PBXResourcesBuildPhase;
			buildActionMask = 2147483647;
			files = (
				363769EC1CCF4EE800888D7A /* LaunchScreen.storyboard in Resources */,
				363769FA1CCF565300888D7A /* Menu.plist in Resources */,
				363769E91CCF4EE800888D7A /* Assets.xcassets in Resources */,
				363769E71CCF4EE800888D7A /* Main.storyboard in Resources */,
			);
			runOnlyForDeploymentPostprocessing = 0;
		};
/* End PBXResourcesBuildPhase section */

/* Begin PBXSourcesBuildPhase section */
		363769DA1CCF4EE800888D7A /* Sources */ = {
			isa = PBXSourcesBuildPhase;
			buildActionMask = 2147483647;
			files = (
				363769E41CCF4EE800888D7A /* QuickContactsViewController.swift in Sources */,
				363769E21CCF4EE800888D7A /* AppDelegate.swift in Sources */,
			);
			runOnlyForDeploymentPostprocessing = 0;
		};
/* End PBXSourcesBuildPhase section */

/* Begin PBXVariantGroup section */
		363769E51CCF4EE800888D7A /* Main.storyboard */ = {
			isa = PBXVariantGroup;
			children = (
				363769E61CCF4EE800888D7A /* Base */,
			);
			name = Main.storyboard;
			sourceTree = "<group>";
		};
		363769EA1CCF4EE800888D7A /* LaunchScreen.storyboard */ = {
			isa = PBXVariantGroup;
			children = (
				363769EB1CCF4EE800888D7A /* Base */,
			);
			name = LaunchScreen.storyboard;
			sourceTree = "<group>";
		};
/* End PBXVariantGroup section */

/* Begin XCBuildConfiguration section */
		363769EE1CCF4EE800888D7A /* Debug */ = {
			isa = XCBuildConfiguration;
			buildSettings = {
				ALWAYS_SEARCH_USER_PATHS = NO;
				CLANG_ANALYZER_NONNULL = YES;
				CLANG_CXX_LANGUAGE_STANDARD = "gnu++0x";
				CLANG_CXX_LIBRARY = "libc++";
				CLANG_ENABLE_MODULES = YES;
				CLANG_ENABLE_OBJC_ARC = YES;
				CLANG_WARN_BOOL_CONVERSION = YES;
				CLANG_WARN_CONSTANT_CONVERSION = YES;
				CLANG_WARN_DIRECT_OBJC_ISA_USAGE = YES_ERROR;
				CLANG_WARN_EMPTY_BODY = YES;
				CLANG_WARN_ENUM_CONVERSION = YES;
				CLANG_WARN_INT_CONVERSION = YES;
				CLANG_WARN_OBJC_ROOT_CLASS = YES_ERROR;
				CLANG_WARN_UNREACHABLE_CODE = YES;
				CLANG_WARN__DUPLICATE_METHOD_MATCH = YES;
				"CODE_SIGN_IDENTITY[sdk=iphoneos*]" = "iPhone Developer";
				COPY_PHASE_STRIP = NO;
				DEBUG_INFORMATION_FORMAT = dwarf;
				ENABLE_STRICT_OBJC_MSGSEND = YES;
				ENABLE_TESTABILITY = YES;
				GCC_C_LANGUAGE_STANDARD = gnu99;
				GCC_DYNAMIC_NO_PIC = NO;
				GCC_NO_COMMON_BLOCKS = YES;
				GCC_OPTIMIZATION_LEVEL = 0;
				GCC_PREPROCESSOR_DEFINITIONS = (
					"DEBUG=1",
					"$(inherited)",
				);
				GCC_WARN_64_TO_32_BIT_CONVERSION = YES;
				GCC_WARN_ABOUT_RETURN_TYPE = YES_ERROR;
				GCC_WARN_UNDECLARED_SELECTOR = YES;
				GCC_WARN_UNINITIALIZED_AUTOS = YES_AGGRESSIVE;
				GCC_WARN_UNUSED_FUNCTION = YES;
				GCC_WARN_UNUSED_VARIABLE = YES;
				IPHONEOS_DEPLOYMENT_TARGET = 9.3;
				MTL_ENABLE_DEBUG_INFO = YES;
				ONLY_ACTIVE_ARCH = YES;
				SDKROOT = iphoneos;
				SWIFT_OPTIMIZATION_LEVEL = "-Onone";
				TARGETED_DEVICE_FAMILY = "1,2";
			};
			name = Debug;
		};
		363769EF1CCF4EE800888D7A /* Release */ = {
			isa = XCBuildConfiguration;
			buildSettings = {
				ALWAYS_SEARCH_USER_PATHS = NO;
				CLANG_ANALYZER_NONNULL = YES;
				CLANG_CXX_LANGUAGE_STANDARD = "gnu++0x";
				CLANG_CXX_LIBRARY = "libc++";
				CLANG_ENABLE_MODULES = YES;
				CLANG_ENABLE_OBJC_ARC = YES;
				CLANG_WARN_BOOL_CONVERSION = YES;
				CLANG_WARN_CONSTANT_CONVERSION = YES;
				CLANG_WARN_DIRECT_OBJC_ISA_USAGE = YES_ERROR;
				CLANG_WARN_EMPTY_BODY = YES;
				CLANG_WARN_ENUM_CONVERSION = YES;
				CLANG_WARN_INT_CONVERSION = YES;
				CLANG_WARN_OBJC_ROOT_CLASS = YES_ERROR;
				CLANG_WARN_UNREACHABLE_CODE = YES;
				CLANG_WARN__DUPLICATE_METHOD_MATCH = YES;
				"CODE_SIGN_IDENTITY[sdk=iphoneos*]" = "iPhone Developer";
				COPY_PHASE_STRIP = NO;
				DEBUG_INFORMATION_FORMAT = "dwarf-with-dsym";
				ENABLE_NS_ASSERTIONS = NO;
				ENABLE_STRICT_OBJC_MSGSEND = YES;
				GCC_C_LANGUAGE_STANDARD = gnu99;
				GCC_NO_COMMON_BLOCKS = YES;
				GCC_WARN_64_TO_32_BIT_CONVERSION = YES;
				GCC_WARN_ABOUT_RETURN_TYPE = YES_ERROR;
				GCC_WARN_UNDECLARED_SELECTOR = YES;
				GCC_WARN_UNINITIALIZED_AUTOS = YES_AGGRESSIVE;
				GCC_WARN_UNUSED_FUNCTION = YES;
				GCC_WARN_UNUSED_VARIABLE = YES;
				IPHONEOS_DEPLOYMENT_TARGET = 9.3;
				MTL_ENABLE_DEBUG_INFO = NO;
				SDKROOT = iphoneos;
				TARGETED_DEVICE_FAMILY = "1,2";
				VALIDATE_PRODUCT = YES;
			};
			name = Release;
		};
		363769F11CCF4EE800888D7A /* Debug */ = {
			isa = XCBuildConfiguration;
			buildSettings = {
				ASSETCATALOG_COMPILER_APPICON_NAME = AppIcon;
				INFOPLIST_FILE = QuickContactsSwift/Info.plist;
				LD_RUNPATH_SEARCH_PATHS = "$(inherited) @executable_path/Frameworks";
				PRODUCT_BUNDLE_IDENTIFIER = Micoder.QuickContactsSwift;
				PRODUCT_NAME = "$(TARGET_NAME)";
			};
			name = Debug;
		};
		363769F21CCF4EE800888D7A /* Release */ = {
			isa = XCBuildConfiguration;
			buildSettings = {
				ASSETCATALOG_COMPILER_APPICON_NAME = AppIcon;
				INFOPLIST_FILE = QuickContactsSwift/Info.plist;
				LD_RUNPATH_SEARCH_PATHS = "$(inherited) @executable_path/Frameworks";
				PRODUCT_BUNDLE_IDENTIFIER = Micoder.QuickContactsSwift;
				PRODUCT_NAME = "$(TARGET_NAME)";
			};
			name = Release;
		};
/* End XCBuildConfiguration section */

/* Begin XCConfigurationList section */
		363769D91CCF4EE800888D7A /* Build configuration list for PBXProject "QuickContactsSwift" */ = {
			isa = XCConfigurationList;
			buildConfigurations = (
				363769EE1CCF4EE800888D7A /* Debug */,
				363769EF1CCF4EE800888D7A /* Release */,
			);
			defaultConfigurationIsVisible = 0;
			defaultConfigurationName = Release;
		};
		363769F01CCF4EE800888D7A /* Build configuration list for PBXNativeTarget "QuickContactsSwift" */ = {
			isa = XCConfigurationList;
			buildConfigurations = (
				363769F11CCF4EE800888D7A /* Debug */,
				363769F21CCF4EE800888D7A /* Release */,
			);
			defaultConfigurationIsVisible = 0;
		};
/* End XCConfigurationList section */
	};
	rootObject = 363769D61CCF4EE800888D7A /* Project object */;
}
